
Microsoft Visual Studio Solution File, Format Version 12.00
Project("{FAE04EC0-301F-11D3-BF4B-00C04F79EFBC}") = "PageStudio.Core", "PageStudio.Core\PageStudio.Core.csproj", "{0A0C371B-110E-457A-A925-81E07DA227E6}"
EndProject
Project("{FAE04EC0-301F-11D3-BF4B-00C04F79EFBC}") = "PageStudio.Desktop", "PageStudio.Desktop\PageStudio.Desktop.csproj", "{101F672B-90DD-4584-B8C1-50D2E577A90A}"
EndProject
Project("{FAE04EC0-301F-11D3-BF4B-00C04F79EFBC}") = "PageStudio.Web", "PageStudio.Web\PageStudio.Web.csproj", "{DBDE37E8-BC9E-4FB5-81A2-E1C3C80AA4CE}"
EndProject
Project("{FAE04EC0-301F-11D3-BF4B-00C04F79EFBC}") = "PageStudio.Web.Client", "PageStudio.Web.Client\PageStudio.Web.Client.csproj", "{8FCDC8DF-47CF-4A89-A82C-65056FAB23FA}"
EndProject
Project("{2150E333-8FDC-42A3-9474-1A3956D46DE8}") = "SolutionFiles", "SolutionFiles", "{AEA14BEE-4BCD-4D7C-978C-4FCA61BE4D83}"
	ProjectSection(SolutionItems) = preProject
		README.md = README.md
		IMPLEMENTATION_GUIDE.md = IMPLEMENTATION_GUIDE.md
		LICENSE = LICENSE
	EndProjectSection
EndProject
Global
	GlobalSection(SolutionConfigurationPlatforms) = preSolution
		Debug|Any CPU = Debug|Any CPU
		Debug|x64 = Debug|x64
		Debug|x86 = Debug|x86
		Release|Any CPU = Release|Any CPU
		Release|x64 = Release|x64
		Release|x86 = Release|x86
	EndGlobalSection
	GlobalSection(ProjectConfigurationPlatforms) = postSolution
		{0A0C371B-110E-457A-A925-81E07DA227E6}.Debug|Any CPU.ActiveCfg = Debug|Any CPU
		{0A0C371B-110E-457A-A925-81E07DA227E6}.Debug|Any CPU.Build.0 = Debug|Any CPU
		{0A0C371B-110E-457A-A925-81E07DA227E6}.Debug|x64.ActiveCfg = Debug|Any CPU
		{0A0C371B-110E-457A-A925-81E07DA227E6}.Debug|x64.Build.0 = Debug|Any CPU
		{0A0C371B-110E-457A-A925-81E07DA227E6}.Debug|x86.ActiveCfg = Debug|Any CPU
		{0A0C371B-110E-457A-A925-81E07DA227E6}.Debug|x86.Build.0 = Debug|Any CPU
		{0A0C371B-110E-457A-A925-81E07DA227E6}.Release|Any CPU.ActiveCfg = Release|Any CPU
		{0A0C371B-110E-457A-A925-81E07DA227E6}.Release|Any CPU.Build.0 = Release|Any CPU
		{0A0C371B-110E-457A-A925-81E07DA227E6}.Release|x64.ActiveCfg = Release|Any CPU
		{0A0C371B-110E-457A-A925-81E07DA227E6}.Release|x64.Build.0 = Release|Any CPU
		{0A0C371B-110E-457A-A925-81E07DA227E6}.Release|x86.ActiveCfg = Release|Any CPU
		{0A0C371B-110E-457A-A925-81E07DA227E6}.Release|x86.Build.0 = Release|Any CPU
		{101F672B-90DD-4584-B8C1-50D2E577A90A}.Debug|Any CPU.ActiveCfg = Debug|Any CPU
		{101F672B-90DD-4584-B8C1-50D2E577A90A}.Debug|Any CPU.Build.0 = Debug|Any CPU
		{101F672B-90DD-4584-B8C1-50D2E577A90A}.Debug|x64.ActiveCfg = Debug|Any CPU
		{101F672B-90DD-4584-B8C1-50D2E577A90A}.Debug|x64.Build.0 = Debug|Any CPU
		{101F672B-90DD-4584-B8C1-50D2E577A90A}.Debug|x86.ActiveCfg = Debug|Any CPU
		{101F672B-90DD-4584-B8C1-50D2E577A90A}.Debug|x86.Build.0 = Debug|Any CPU
		{101F672B-90DD-4584-B8C1-50D2E577A90A}.Release|Any CPU.ActiveCfg = Release|Any CPU
		{101F672B-90DD-4584-B8C1-50D2E577A90A}.Release|Any CPU.Build.0 = Release|Any CPU
		{101F672B-90DD-4584-B8C1-50D2E577A90A}.Release|x64.ActiveCfg = Release|Any CPU
		{101F672B-90DD-4584-B8C1-50D2E577A90A}.Release|x64.Build.0 = Release|Any CPU
		{101F672B-90DD-4584-B8C1-50D2E577A90A}.Release|x86.ActiveCfg = Release|Any CPU
		{101F672B-90DD-4584-B8C1-50D2E577A90A}.Release|x86.Build.0 = Release|Any CPU
		{DBDE37E8-BC9E-4FB5-81A2-E1C3C80AA4CE}.Debug|Any CPU.ActiveCfg = Debug|Any CPU
		{DBDE37E8-BC9E-4FB5-81A2-E1C3C80AA4CE}.Debug|Any CPU.Build.0 = Debug|Any CPU
		{DBDE37E8-BC9E-4FB5-81A2-E1C3C80AA4CE}.Debug|x64.ActiveCfg = Debug|Any CPU
		{DBDE37E8-BC9E-4FB5-81A2-E1C3C80AA4CE}.Debug|x64.Build.0 = Debug|Any CPU
		{DBDE37E8-BC9E-4FB5-81A2-E1C3C80AA4CE}.Debug|x86.ActiveCfg = Debug|Any CPU
		{DBDE37E8-BC9E-4FB5-81A2-E1C3C80AA4CE}.Debug|x86.Build.0 = Debug|Any CPU
		{DBDE37E8-BC9E-4FB5-81A2-E1C3C80AA4CE}.Release|Any CPU.ActiveCfg = Release|Any CPU
		{DBDE37E8-BC9E-4FB5-81A2-E1C3C80AA4CE}.Release|Any CPU.Build.0 = Release|Any CPU
		{DBDE37E8-BC9E-4FB5-81A2-E1C3C80AA4CE}.Release|x64.ActiveCfg = Release|Any CPU
		{DBDE37E8-BC9E-4FB5-81A2-E1C3C80AA4CE}.Release|x64.Build.0 = Release|Any CPU
		{DBDE37E8-BC9E-4FB5-81A2-E1C3C80AA4CE}.Release|x86.ActiveCfg = Release|Any CPU
		{DBDE37E8-BC9E-4FB5-81A2-E1C3C80AA4CE}.Release|x86.Build.0 = Release|Any CPU
		{8FCDC8DF-47CF-4A89-A82C-65056FAB23FA}.Debug|Any CPU.ActiveCfg = Debug|Any CPU
		{8FCDC8DF-47CF-4A89-A82C-65056FAB23FA}.Debug|Any CPU.Build.0 = Debug|Any CPU
		{8FCDC8DF-47CF-4A89-A82C-65056FAB23FA}.Debug|x64.ActiveCfg = Debug|Any CPU
		{8FCDC8DF-47CF-4A89-A82C-65056FAB23FA}.Debug|x64.Build.0 = Debug|Any CPU
		{8FCDC8DF-47CF-4A89-A82C-65056FAB23FA}.Debug|x86.ActiveCfg = Debug|Any CPU
		{8FCDC8DF-47CF-4A89-A82C-65056FAB23FA}.Debug|x86.Build.0 = Debug|Any CPU
		{8FCDC8DF-47CF-4A89-A82C-65056FAB23FA}.Release|Any CPU.ActiveCfg = Release|Any CPU
		{8FCDC8DF-47CF-4A89-A82C-65056FAB23FA}.Release|Any CPU.Build.0 = Release|Any CPU
		{8FCDC8DF-47CF-4A89-A82C-65056FAB23FA}.Release|x64.ActiveCfg = Release|Any CPU
		{8FCDC8DF-47CF-4A89-A82C-65056FAB23FA}.Release|x64.Build.0 = Release|Any CPU
		{8FCDC8DF-47CF-4A89-A82C-65056FAB23FA}.Release|x86.ActiveCfg = Release|Any CPU
		{8FCDC8DF-47CF-4A89-A82C-65056FAB23FA}.Release|x86.Build.0 = Release|Any CPU
	EndGlobalSection
	GlobalSection(SolutionProperties) = preSolution
		HideSolutionNode = FALSE
	EndGlobalSection
EndGlobal
